
Microsoft Visual Studio Solution File, Format Version 12.00
# Visual Studio 15
Project("{FAE04EC0-301F-11D3-BF4B-00C04F79EFBC}") = "ProyectoPrueba", "ProyectoPrueba.csproj", "{985BE926-92E6-4D09-BE06-B29BA456913E}"
EndProject
Global
	GlobalSection(SolutionConfigurationPlatforms) = preSolution
		Debug|anycpu = Debug|anycpu
		Release|anycpu = Release|anycpu
	EndGlobalSection
	GlobalSection(ProjectConfigurationPlatforms) = postSolution
		{985BE926-92E6-4D09-BE06-B29BA456913E}.Debug|anycpu.ActiveCfg = Debug|anycpu
		{985BE926-92E6-4D09-BE06-B29BA456913E}.Debug|anycpu.Build.0 = Debug|anycpu
		{985BE926-92E6-4D09-BE06-B29BA456913E}.Release|anycpu.ActiveCfg = Release|anycpu
		{985BE926-92E6-4D09-BE06-B29BA456913E}.Release|anycpu.Build.0 = Release|anycpu
	EndGlobalSection
EndGlobal
